
Microsoft Visual Studio Solution File, Format Version 12.00
# Visual Studio Version 16
VisualStudioVersion = 16.0.30204.135
MinimumVisualStudioVersion = 10.0.40219.1
Project("{FAE04EC0-301F-11D3-BF4B-00C04F79EFBC}") = "MorseGame", "MorseGame.csproj", "{F7E83604-FC01-4590-A596-30509278BF0F}"
EndProject
Global
	GlobalSection(SolutionConfigurationPlatforms) = preSolution
		Debug|Any CPU = Debug|Any CPU
		Release|Any CPU = Release|Any CPU
	EndGlobalSection
	GlobalSection(ProjectConfigurationPlatforms) = postSolution
		{F7E83604-FC01-4590-A596-30509278BF0F}.Debug|Any CPU.ActiveCfg = Debug|Any CPU
		{F7E83604-FC01-4590-A596-30509278BF0F}.Debug|Any CPU.Build.0 = Debug|Any CPU
		{F7E83604-FC01-4590-A596-30509278BF0F}.Release|Any CPU.ActiveCfg = Release|Any CPU
		{F7E83604-FC01-4590-A596-30509278BF0F}.Release|Any CPU.Build.0 = Release|Any CPU
	EndGlobalSection
	GlobalSection(SolutionProperties) = preSolution
		HideSolutionNode = FALSE
	EndGlobalSection
	GlobalSection(ExtensibilityGlobals) = postSolution
		SolutionGuid = {BB96E2DD-6F78-4668-83A0-A50E341E5EF3}
	EndGlobalSection
EndGlobal
